
Microsoft Visual Studio Solution File, Format Version 12.00
# Visual Studio Version 16
VisualStudioVersion = 16.0.31702.278
MinimumVisualStudioVersion = 10.0.40219.1
Project("{8BC9CEB8-8B4A-11D0-8D11-00A0C91BC942}") = "CG_Practice", "CG_Practice\CG_Practice.vcxproj", "{6FBA012B-8E53-4DE2-A5F6-451D9A6F41D1}"
EndProject
Global
	GlobalSection(SolutionConfigurationPlatforms) = preSolution
		Debug|x64 = Debug|x64
		Debug|x86 = Debug|x86
		Release|x64 = Release|x64
		Release|x86 = Release|x86
	EndGlobalSection
	GlobalSection(ProjectConfigurationPlatforms) = postSolution
		{6FBA012B-8E53-4DE2-A5F6-451D9A6F41D1}.Debug|x64.ActiveCfg = Debug|x64
		{6FBA012B-8E53-4DE2-A5F6-451D9A6F41D1}.Debug|x64.Build.0 = Debug|x64
		{6FBA012B-8E53-4DE2-A5F6-451D9A6F41D1}.Debug|x86.ActiveCfg = Debug|Win32
		{6FBA012B-8E53-4DE2-A5F6-451D9A6F41D1}.Debug|x86.Build.0 = Debug|Win32
		{6FBA012B-8E53-4DE2-A5F6-451D9A6F41D1}.Release|x64.ActiveCfg = Release|x64
		{6FBA012B-8E53-4DE2-A5F6-451D9A6F41D1}.Release|x64.Build.0 = Release|x64
		{6FBA012B-8E53-4DE2-A5F6-451D9A6F41D1}.Release|x86.ActiveCfg = Release|Win32
		{6FBA012B-8E53-4DE2-A5F6-451D9A6F41D1}.Release|x86.Build.0 = Release|Win32
	EndGlobalSection
	GlobalSection(SolutionProperties) = preSolution
		HideSolutionNode = FALSE
	EndGlobalSection
	GlobalSection(ExtensibilityGlobals) = postSolution
		SolutionGuid = {F2B268D7-3844-4A71-AB33-F6A66AB70137}
	EndGlobalSection
EndGlobal
